// !$*UTF8*$!
{
	archiveVersion = 1;
	classes = {
	};
	objectVersion = 48;
	objects = {

/* Begin PBXBuildFile section */
		2824C470203B852E000B343E /* AppDelegate.swift in Sources */ = {isa = PBXBuildFile; fileRef = 2824C46F203B852E000B343E /* AppDelegate.swift */; };
		2824C472203B852E000B343E /* LoginViewController.swift in Sources */ = {isa = PBXBuildFile; fileRef = 2824C471203B852E000B343E /* LoginViewController.swift */; };
		2824C477203B852E000B343E /* Assets.xcassets in Resources */ = {isa = PBXBuildFile; fileRef = 2824C476203B852E000B343E /* Assets.xcassets */; };
		2824C485203B852E000B343E /* GreenCopperChallengeTests.swift in Sources */ = {isa = PBXBuildFile; fileRef = 2824C484203B852E000B343E /* GreenCopperChallengeTests.swift */; };
		2824C490203BAF10000B343E /* Extensions.swift in Sources */ = {isa = PBXBuildFile; fileRef = 2824C48F203BAF10000B343E /* Extensions.swift */; };
		2824C492203BBCB0000B343E /* AudioToolbox.framework in Frameworks */ = {isa = PBXBuildFile; fileRef = 2824C491203BBCB0000B343E /* AudioToolbox.framework */; };
		284E61272042912400941A78 /* AuthService.swift in Sources */ = {isa = PBXBuildFile; fileRef = 284E61262042912400941A78 /* AuthService.swift */; };
		28610B75203D1B4100554142 /* TracksCollectionViewCell.swift in Sources */ = {isa = PBXBuildFile; fileRef = 28610B74203D1B4100554142 /* TracksCollectionViewCell.swift */; };
		28610B77203DCEC000554142 /* TracksCollectionViewController.swift in Sources */ = {isa = PBXBuildFile; fileRef = 28610B76203DCEC000554142 /* TracksCollectionViewController.swift */; };
		28610B79203DEFE000554142 /* TrackPlayerViewController.swift in Sources */ = {isa = PBXBuildFile; fileRef = 28610B78203DEFE000554142 /* TrackPlayerViewController.swift */; };
		28610B7D203F9B7500554142 /* TopTraxxSlider.swift in Sources */ = {isa = PBXBuildFile; fileRef = 28610B7C203F9B7500554142 /* TopTraxxSlider.swift */; };
		28610B80203FCB0F00554142 /* WebAuthViewController.swift in Sources */ = {isa = PBXBuildFile; fileRef = 28610B7F203FCB0F00554142 /* WebAuthViewController.swift */; };
		28AF23942041F5E6001A88A5 /* Bootstrapper.swift in Sources */ = {isa = PBXBuildFile; fileRef = 28AF23932041F5E6001A88A5 /* Bootstrapper.swift */; };
		28AF23972041F65D001A88A5 /* ServiceFactory.swift in Sources */ = {isa = PBXBuildFile; fileRef = 28AF23962041F65D001A88A5 /* ServiceFactory.swift */; };
		28AF239B2041F72C001A88A5 /* AppStartupService.swift in Sources */ = {isa = PBXBuildFile; fileRef = 28AF239A2041F72C001A88A5 /* AppStartupService.swift */; };
		28AF239E2041FE34001A88A5 /* Band.swift in Sources */ = {isa = PBXBuildFile; fileRef = 28AF239D2041FE34001A88A5 /* Band.swift */; };
		2D1B4BF1602082DD53077528 /* Pods_GreenCopperChallenge.framework in Frameworks */ = {isa = PBXBuildFile; fileRef = B63AE6D0CC255CB0138FC9A8 /* Pods_GreenCopperChallenge.framework */; };
/* End PBXBuildFile section */

/* Begin PBXContainerItemProxy section */
		2824C481203B852E000B343E /* PBXContainerItemProxy */ = {
			isa = PBXContainerItemProxy;
			containerPortal = 2824C464203B852E000B343E /* Project object */;
			proxyType = 1;
			remoteGlobalIDString = 2824C46B203B852E000B343E;
			remoteInfo = GreenCopperChallenge;
		};
/* End PBXContainerItemProxy section */

/* Begin PBXFileReference section */
		2824C46C203B852E000B343E /* GreenCopperChallenge.app */ = {isa = PBXFileReference; explicitFileType = wrapper.application; includeInIndex = 0; path = GreenCopperChallenge.app; sourceTree = BUILT_PRODUCTS_DIR; };
		2824C46F203B852E000B343E /* AppDelegate.swift */ = {isa = PBXFileReference; lastKnownFileType = sourcecode.swift; path = AppDelegate.swift; sourceTree = "<group>"; };
		2824C471203B852E000B343E /* LoginViewController.swift */ = {isa = PBXFileReference; lastKnownFileType = sourcecode.swift; path = LoginViewController.swift; sourceTree = "<group>"; };
		2824C476203B852E000B343E /* Assets.xcassets */ = {isa = PBXFileReference; lastKnownFileType = folder.assetcatalog; path = Assets.xcassets; sourceTree = "<group>"; };
		2824C47B203B852E000B343E /* Info.plist */ = {isa = PBXFileReference; lastKnownFileType = text.plist.xml; path = Info.plist; sourceTree = "<group>"; };
		2824C480203B852E000B343E /* GreenCopperChallengeTests.xctest */ = {isa = PBXFileReference; explicitFileType = wrapper.cfbundle; includeInIndex = 0; path = GreenCopperChallengeTests.xctest; sourceTree = BUILT_PRODUCTS_DIR; };
		2824C484203B852E000B343E /* GreenCopperChallengeTests.swift */ = {isa = PBXFileReference; lastKnownFileType = sourcecode.swift; path = GreenCopperChallengeTests.swift; sourceTree = "<group>"; };
		2824C486203B852F000B343E /* Info.plist */ = {isa = PBXFileReference; lastKnownFileType = text.plist.xml; path = Info.plist; sourceTree = "<group>"; };
		2824C48F203BAF10000B343E /* Extensions.swift */ = {isa = PBXFileReference; lastKnownFileType = sourcecode.swift; path = Extensions.swift; sourceTree = "<group>"; };
		2824C491203BBCB0000B343E /* AudioToolbox.framework */ = {isa = PBXFileReference; lastKnownFileType = wrapper.framework; name = AudioToolbox.framework; path = System/Library/Frameworks/AudioToolbox.framework; sourceTree = SDKROOT; };
		2824C493203BBCB0000B343E /* GreenCopperChallenge.entitlements */ = {isa = PBXFileReference; lastKnownFileType = text.plist.entitlements; path = GreenCopperChallenge.entitlements; sourceTree = "<group>"; };
		284E61262042912400941A78 /* AuthService.swift */ = {isa = PBXFileReference; lastKnownFileType = sourcecode.swift; path = AuthService.swift; sourceTree = "<group>"; };
		284E61292044748B00941A78 /* Spotify.framework */ = {isa = PBXFileReference; explicitFileType = wrapper.framework; path = Spotify.framework; sourceTree = BUILT_PRODUCTS_DIR; };
		28610B74203D1B4100554142 /* TracksCollectionViewCell.swift */ = {isa = PBXFileReference; lastKnownFileType = sourcecode.swift; path = TracksCollectionViewCell.swift; sourceTree = "<group>"; };
		28610B76203DCEC000554142 /* TracksCollectionViewController.swift */ = {isa = PBXFileReference; lastKnownFileType = sourcecode.swift; path = TracksCollectionViewController.swift; sourceTree = "<group>"; };
		28610B78203DEFE000554142 /* TrackPlayerViewController.swift */ = {isa = PBXFileReference; lastKnownFileType = sourcecode.swift; path = TrackPlayerViewController.swift; sourceTree = "<group>"; };
		28610B7C203F9B7500554142 /* TopTraxxSlider.swift */ = {isa = PBXFileReference; lastKnownFileType = sourcecode.swift; path = TopTraxxSlider.swift; sourceTree = "<group>"; };
		28610B7F203FCB0F00554142 /* WebAuthViewController.swift */ = {isa = PBXFileReference; lastKnownFileType = sourcecode.swift; path = WebAuthViewController.swift; sourceTree = "<group>"; };
		28AF23932041F5E6001A88A5 /* Bootstrapper.swift */ = {isa = PBXFileReference; lastKnownFileType = sourcecode.swift; path = Bootstrapper.swift; sourceTree = "<group>"; };
		28AF23962041F65D001A88A5 /* ServiceFactory.swift */ = {isa = PBXFileReference; lastKnownFileType = sourcecode.swift; path = ServiceFactory.swift; sourceTree = "<group>"; };
		28AF239A2041F72C001A88A5 /* AppStartupService.swift */ = {isa = PBXFileReference; lastKnownFileType = sourcecode.swift; path = AppStartupService.swift; sourceTree = "<group>"; };
		28AF239D2041FE34001A88A5 /* Band.swift */ = {isa = PBXFileReference; lastKnownFileType = sourcecode.swift; path = Band.swift; sourceTree = "<group>"; };
		3D0EC685F390799438BD9907 /* Pods-GreenCopperChallenge.release.xcconfig */ = {isa = PBXFileReference; includeInIndex = 1; lastKnownFileType = text.xcconfig; name = "Pods-GreenCopperChallenge.release.xcconfig"; path = "Pods/Target Support Files/Pods-GreenCopperChallenge/Pods-GreenCopperChallenge.release.xcconfig"; sourceTree = "<group>"; };
		911479FED2D4F10E8AE3D5E7 /* Pods-GreenCopperChallenge.debug.xcconfig */ = {isa = PBXFileReference; includeInIndex = 1; lastKnownFileType = text.xcconfig; name = "Pods-GreenCopperChallenge.debug.xcconfig"; path = "Pods/Target Support Files/Pods-GreenCopperChallenge/Pods-GreenCopperChallenge.debug.xcconfig"; sourceTree = "<group>"; };
		B63AE6D0CC255CB0138FC9A8 /* Pods_GreenCopperChallenge.framework */ = {isa = PBXFileReference; explicitFileType = wrapper.framework; includeInIndex = 0; path = Pods_GreenCopperChallenge.framework; sourceTree = BUILT_PRODUCTS_DIR; };
/* End PBXFileReference section */

/* Begin PBXFrameworksBuildPhase section */
		2824C469203B852E000B343E /* Frameworks */ = {
			isa = PBXFrameworksBuildPhase;
			buildActionMask = 2147483647;
			files = (
				2D1B4BF1602082DD53077528 /* Pods_GreenCopperChallenge.framework in Frameworks */,
				2824C492203BBCB0000B343E /* AudioToolbox.framework in Frameworks */,
			);
			runOnlyForDeploymentPostprocessing = 0;
		};
		2824C47D203B852E000B343E /* Frameworks */ = {
			isa = PBXFrameworksBuildPhase;
			buildActionMask = 2147483647;
			files = (
			);
			runOnlyForDeploymentPostprocessing = 0;
		};
/* End PBXFrameworksBuildPhase section */

/* Begin PBXGroup section */
		2824C463203B852E000B343E = {
			isa = PBXGroup;
			children = (
				2824C46E203B852E000B343E /* GreenCopperChallenge */,
				2824C483203B852E000B343E /* GreenCopperChallengeTests */,
				2824C46D203B852E000B343E /* Products */,
				7FFDFD86F0F052AE9ABB280D /* Pods */,
				A74BDA9F8A89C40BED5A7E56 /* Frameworks */,
			);
			sourceTree = "<group>";
		};
		2824C46D203B852E000B343E /* Products */ = {
			isa = PBXGroup;
			children = (
				2824C46C203B852E000B343E /* GreenCopperChallenge.app */,
				2824C480203B852E000B343E /* GreenCopperChallengeTests.xctest */,
			);
			name = Products;
			sourceTree = "<group>";
		};
		2824C46E203B852E000B343E /* GreenCopperChallenge */ = {
			isa = PBXGroup;
			children = (
				2824C46F203B852E000B343E /* AppDelegate.swift */,
				28AF23932041F5E6001A88A5 /* Bootstrapper.swift */,
				28AF23982041F676001A88A5 /* Extensions */,
				28AF23952041F642001A88A5 /* Factories */,
				28AF239C2041FE17001A88A5 /* Models */,
				28AF23992041F714001A88A5 /* Services */,
				28610B7E203F9B9E00554142 /* SubClasses */,
				28610B7A203F8F5E00554142 /* ViewControllers */,
				2824C493203BBCB0000B343E /* GreenCopperChallenge.entitlements */,
				2824C476203B852E000B343E /* Assets.xcassets */,
				2824C47B203B852E000B343E /* Info.plist */,
			);
			path = GreenCopperChallenge;
			sourceTree = "<group>";
		};
		2824C483203B852E000B343E /* GreenCopperChallengeTests */ = {
			isa = PBXGroup;
			children = (
				2824C484203B852E000B343E /* GreenCopperChallengeTests.swift */,
				2824C486203B852F000B343E /* Info.plist */,
			);
			path = GreenCopperChallengeTests;
			sourceTree = "<group>";
		};
		28610B7A203F8F5E00554142 /* ViewControllers */ = {
			isa = PBXGroup;
			children = (
				2824C471203B852E000B343E /* LoginViewController.swift */,
				28610B7F203FCB0F00554142 /* WebAuthViewController.swift */,
				28610B76203DCEC000554142 /* TracksCollectionViewController.swift */,
				28610B74203D1B4100554142 /* TracksCollectionViewCell.swift */,
				28610B78203DEFE000554142 /* TrackPlayerViewController.swift */,
			);
			path = ViewControllers;
			sourceTree = "<group>";
		};
		28610B7E203F9B9E00554142 /* SubClasses */ = {
			isa = PBXGroup;
			children = (
				28610B7C203F9B7500554142 /* TopTraxxSlider.swift */,
			);
			path = SubClasses;
			sourceTree = "<group>";
		};
		28AF23952041F642001A88A5 /* Factories */ = {
			isa = PBXGroup;
			children = (
				28AF23962041F65D001A88A5 /* ServiceFactory.swift */,
			);
			path = Factories;
			sourceTree = "<group>";
		};
		28AF23982041F676001A88A5 /* Extensions */ = {
			isa = PBXGroup;
			children = (
				2824C48F203BAF10000B343E /* Extensions.swift */,
			);
			path = Extensions;
			sourceTree = "<group>";
		};
		28AF23992041F714001A88A5 /* Services */ = {
			isa = PBXGroup;
			children = (
				28AF239A2041F72C001A88A5 /* AppStartupService.swift */,
				284E61262042912400941A78 /* AuthService.swift */,
			);
			path = Services;
			sourceTree = "<group>";
		};
		28AF239C2041FE17001A88A5 /* Models */ = {
			isa = PBXGroup;
			children = (
				28AF239D2041FE34001A88A5 /* Band.swift */,
			);
			path = Models;
			sourceTree = "<group>";
		};
		7FFDFD86F0F052AE9ABB280D /* Pods */ = {
			isa = PBXGroup;
			children = (
				911479FED2D4F10E8AE3D5E7 /* Pods-GreenCopperChallenge.debug.xcconfig */,
				3D0EC685F390799438BD9907 /* Pods-GreenCopperChallenge.release.xcconfig */,
			);
			name = Pods;
			sourceTree = "<group>";
		};
		A74BDA9F8A89C40BED5A7E56 /* Frameworks */ = {
			isa = PBXGroup;
			children = (
				284E61292044748B00941A78 /* Spotify.framework */,
				2824C491203BBCB0000B343E /* AudioToolbox.framework */,
				B63AE6D0CC255CB0138FC9A8 /* Pods_GreenCopperChallenge.framework */,
			);
			name = Frameworks;
			sourceTree = "<group>";
		};
/* End PBXGroup section */

/* Begin PBXNativeTarget section */
		2824C46B203B852E000B343E /* GreenCopperChallenge */ = {
			isa = PBXNativeTarget;
			buildConfigurationList = 2824C489203B852F000B343E /* Build configuration list for PBXNativeTarget "GreenCopperChallenge" */;
			buildPhases = (
				4108ED87E8D49A2CD844E92F /* [CP] Check Pods Manifest.lock */,
				2824C468203B852E000B343E /* Sources */,
				2824C469203B852E000B343E /* Frameworks */,
				2824C46A203B852E000B343E /* Resources */,
				F02FD9898FD7E47BB2C29F2B /* [CP] Embed Pods Frameworks */,
				BEAE7D0B04DC75CFE84F2431 /* [CP] Copy Pods Resources */,
				28610B852040AC8300554142 /* ShellScript */,
				284E612C20448D6800941A78 /* ShellScript */,
			);
			buildRules = (
			);
			dependencies = (
			);
			name = GreenCopperChallenge;
			productName = GreenCopperChallenge;
			productReference = 2824C46C203B852E000B343E /* GreenCopperChallenge.app */;
			productType = "com.apple.product-type.application";
		};
		2824C47F203B852E000B343E /* GreenCopperChallengeTests */ = {
			isa = PBXNativeTarget;
			buildConfigurationList = 2824C48C203B852F000B343E /* Build configuration list for PBXNativeTarget "GreenCopperChallengeTests" */;
			buildPhases = (
				2824C47C203B852E000B343E /* Sources */,
				2824C47D203B852E000B343E /* Frameworks */,
				2824C47E203B852E000B343E /* Resources */,
			);
			buildRules = (
			);
			dependencies = (
				2824C482203B852E000B343E /* PBXTargetDependency */,
			);
			name = GreenCopperChallengeTests;
			productName = GreenCopperChallengeTests;
			productReference = 2824C480203B852E000B343E /* GreenCopperChallengeTests.xctest */;
			productType = "com.apple.product-type.bundle.unit-test";
		};
/* End PBXNativeTarget section */

/* Begin PBXProject section */
		2824C464203B852E000B343E /* Project object */ = {
			isa = PBXProject;
			attributes = {
				LastSwiftUpdateCheck = 0920;
				LastUpgradeCheck = 0920;
				ORGANIZATIONNAME = Radappz;
				TargetAttributes = {
					2824C46B203B852E000B343E = {
						CreatedOnToolsVersion = 9.2;
						ProvisioningStyle = Automatic;
						SystemCapabilities = {
							com.apple.InterAppAudio = {
								enabled = 1;
							};
						};
					};
					2824C47F203B852E000B343E = {
						CreatedOnToolsVersion = 9.2;
						ProvisioningStyle = Automatic;
						TestTargetID = 2824C46B203B852E000B343E;
					};
				};
			};
			buildConfigurationList = 2824C467203B852E000B343E /* Build configuration list for PBXProject "GreenCopperChallenge" */;
			compatibilityVersion = "Xcode 8.0";
			developmentRegion = en;
			hasScannedForEncodings = 0;
			knownRegions = (
				en,
				Base,
			);
			mainGroup = 2824C463203B852E000B343E;
			productRefGroup = 2824C46D203B852E000B343E /* Products */;
			projectDirPath = "";
			projectRoot = "";
			targets = (
				2824C46B203B852E000B343E /* GreenCopperChallenge */,
				2824C47F203B852E000B343E /* GreenCopperChallengeTests */,
			);
		};
/* End PBXProject section */

/* Begin PBXResourcesBuildPhase section */
		2824C46A203B852E000B343E /* Resources */ = {
			isa = PBXResourcesBuildPhase;
			buildActionMask = 2147483647;
			files = (
				2824C477203B852E000B343E /* Assets.xcassets in Resources */,
			);
			runOnlyForDeploymentPostprocessing = 0;
		};
		2824C47E203B852E000B343E /* Resources */ = {
			isa = PBXResourcesBuildPhase;
			buildActionMask = 2147483647;
			files = (
			);
			runOnlyForDeploymentPostprocessing = 0;
		};
/* End PBXResourcesBuildPhase section */

/* Begin PBXShellScriptBuildPhase section */
		284E612C20448D6800941A78 /* ShellScript */ = {
			isa = PBXShellScriptBuildPhase;
			buildActionMask = 2147483647;
			files = (
			);
			inputPaths = (
			);
			outputPaths = (
			);
			runOnlyForDeploymentPostprocessing = 0;
			shellPath = /bin/sh;
			shellScript = "if which swiftlint >/dev/null; then\nswiftlint\nelse\necho \"warning: SwiftLint not installed, download from https://github.com/realm/SwiftLint\"\nfi";
		};
		28610B852040AC8300554142 /* ShellScript */ = {
			isa = PBXShellScriptBuildPhase;
			buildActionMask = 2147483647;
			files = (
			);
			inputPaths = (
			);
			outputPaths = (
			);
			runOnlyForDeploymentPostprocessing = 0;
			shellPath = /bin/sh;
			shellScript = "\"${PODS_ROOT}/Fabric/run\" 30171b647fe07aff3ea9ac7c1f8c8328ceeb2d5e f43ab94d206a09c897f6345704b175c01f4e50ade89f027457a867b3ee8af3a0";
		};
		4108ED87E8D49A2CD844E92F /* [CP] Check Pods Manifest.lock */ = {
			isa = PBXShellScriptBuildPhase;
			buildActionMask = 2147483647;
			files = (
			);
			inputPaths = (
				"${PODS_PODFILE_DIR_PATH}/Podfile.lock",
				"${PODS_ROOT}/Manifest.lock",
			);
			name = "[CP] Check Pods Manifest.lock";
			outputPaths = (
				"$(DERIVED_FILE_DIR)/Pods-GreenCopperChallenge-checkManifestLockResult.txt",
			);
			runOnlyForDeploymentPostprocessing = 0;
			shellPath = /bin/sh;
			shellScript = "diff \"${PODS_PODFILE_DIR_PATH}/Podfile.lock\" \"${PODS_ROOT}/Manifest.lock\" > /dev/null\nif [ $? != 0 ] ; then\n    # print error to STDERR\n    echo \"error: The sandbox is not in sync with the Podfile.lock. Run 'pod install' or update your CocoaPods installation.\" >&2\n    exit 1\nfi\n# This output is used by Xcode 'outputs' to avoid re-running this script phase.\necho \"SUCCESS\" > \"${SCRIPT_OUTPUT_FILE_0}\"\n";
			showEnvVarsInLog = 0;
		};
		BEAE7D0B04DC75CFE84F2431 /* [CP] Copy Pods Resources */ = {
			isa = PBXShellScriptBuildPhase;
			buildActionMask = 2147483647;
			files = (
			);
			inputPaths = (
			);
			name = "[CP] Copy Pods Resources";
			outputPaths = (
			);
			runOnlyForDeploymentPostprocessing = 0;
			shellPath = /bin/sh;
			shellScript = "\"${SRCROOT}/Pods/Target Support Files/Pods-GreenCopperChallenge/Pods-GreenCopperChallenge-resources.sh\"\n";
			showEnvVarsInLog = 0;
		};
		F02FD9898FD7E47BB2C29F2B /* [CP] Embed Pods Frameworks */ = {
			isa = PBXShellScriptBuildPhase;
			buildActionMask = 2147483647;
			files = (
			);
			inputPaths = (
				"${SRCROOT}/Pods/Target Support Files/Pods-GreenCopperChallenge/Pods-GreenCopperChallenge-frameworks.sh",
				"${BUILT_PRODUCTS_DIR}/Alamofire/Alamofire.framework",
				"${BUILT_PRODUCTS_DIR}/AlamofireImage/AlamofireImage.framework",
				"${BUILT_PRODUCTS_DIR}/ColorThiefSwift/ColorThiefSwift.framework",
				"${BUILT_PRODUCTS_DIR}/SnapKit/SnapKit.framework",
				"${BUILT_PRODUCTS_DIR}/Spotify-iOS-SDK/Spotify.framework",
				"${BUILT_PRODUCTS_DIR}/Swinject/Swinject.framework",
				"${BUILT_PRODUCTS_DIR}/TYBlurImage/TYBlurImage.framework",
			);
			name = "[CP] Embed Pods Frameworks";
			outputPaths = (
				"${TARGET_BUILD_DIR}/${FRAMEWORKS_FOLDER_PATH}/Alamofire.framework",
				"${TARGET_BUILD_DIR}/${FRAMEWORKS_FOLDER_PATH}/AlamofireImage.framework",
				"${TARGET_BUILD_DIR}/${FRAMEWORKS_FOLDER_PATH}/ColorThiefSwift.framework",
				"${TARGET_BUILD_DIR}/${FRAMEWORKS_FOLDER_PATH}/SnapKit.framework",
				"${TARGET_BUILD_DIR}/${FRAMEWORKS_FOLDER_PATH}/Spotify.framework",
				"${TARGET_BUILD_DIR}/${FRAMEWORKS_FOLDER_PATH}/Swinject.framework",
				"${TARGET_BUILD_DIR}/${FRAMEWORKS_FOLDER_PATH}/TYBlurImage.framework",
			);
			runOnlyForDeploymentPostprocessing = 0;
			shellPath = /bin/sh;
			shellScript = "\"${SRCROOT}/Pods/Target Support Files/Pods-GreenCopperChallenge/Pods-GreenCopperChallenge-frameworks.sh\"\n";
			showEnvVarsInLog = 0;
		};
/* End PBXShellScriptBuildPhase section */

/* Begin PBXSourcesBuildPhase section */
		2824C468203B852E000B343E /* Sources */ = {
			isa = PBXSourcesBuildPhase;
			buildActionMask = 2147483647;
			files = (
				28AF23972041F65D001A88A5 /* ServiceFactory.swift in Sources */,
				28610B75203D1B4100554142 /* TracksCollectionViewCell.swift in Sources */,
				28610B79203DEFE000554142 /* TrackPlayerViewController.swift in Sources */,
				28AF239B2041F72C001A88A5 /* AppStartupService.swift in Sources */,
				28610B77203DCEC000554142 /* TracksCollectionViewController.swift in Sources */,
				2824C472203B852E000B343E /* LoginViewController.swift in Sources */,
				284E61272042912400941A78 /* AuthService.swift in Sources */,
				28AF239E2041FE34001A88A5 /* Band.swift in Sources */,
				28610B7D203F9B7500554142 /* TopTraxxSlider.swift in Sources */,
				28610B80203FCB0F00554142 /* WebAuthViewController.swift in Sources */,
				28AF23942041F5E6001A88A5 /* Bootstrapper.swift in Sources */,
				2824C490203BAF10000B343E /* Extensions.swift in Sources */,
				2824C470203B852E000B343E /* AppDelegate.swift in Sources */,
			);
			runOnlyForDeploymentPostprocessing = 0;
		};
		2824C47C203B852E000B343E /* Sources */ = {
			isa = PBXSourcesBuildPhase;
			buildActionMask = 2147483647;
			files = (
				2824C485203B852E000B343E /* GreenCopperChallengeTests.swift in Sources */,
			);
			runOnlyForDeploymentPostprocessing = 0;
		};
/* End PBXSourcesBuildPhase section */

/* Begin PBXTargetDependency section */
		2824C482203B852E000B343E /* PBXTargetDependency */ = {
			isa = PBXTargetDependency;
			target = 2824C46B203B852E000B343E /* GreenCopperChallenge */;
			targetProxy = 2824C481203B852E000B343E /* PBXContainerItemProxy */;
		};
/* End PBXTargetDependency section */

/* Begin XCBuildConfiguration section */
		2824C487203B852F000B343E /* Debug */ = {
			isa = XCBuildConfiguration;
			buildSettings = {
				ALWAYS_SEARCH_USER_PATHS = NO;
				CLANG_ANALYZER_NONNULL = YES;
				CLANG_ANALYZER_NUMBER_OBJECT_CONVERSION = YES_AGGRESSIVE;
				CLANG_CXX_LANGUAGE_STANDARD = "gnu++14";
				CLANG_CXX_LIBRARY = "libc++";
				CLANG_ENABLE_MODULES = YES;
				CLANG_ENABLE_OBJC_ARC = YES;
				CLANG_WARN_BLOCK_CAPTURE_AUTORELEASING = YES;
				CLANG_WARN_BOOL_CONVERSION = YES;
				CLANG_WARN_COMMA = YES;
				CLANG_WARN_CONSTANT_CONVERSION = YES;
				CLANG_WARN_DIRECT_OBJC_ISA_USAGE = YES_ERROR;
				CLANG_WARN_DOCUMENTATION_COMMENTS = YES;
				CLANG_WARN_EMPTY_BODY = YES;
				CLANG_WARN_ENUM_CONVERSION = YES;
				CLANG_WARN_INFINITE_RECURSION = YES;
				CLANG_WARN_INT_CONVERSION = YES;
				CLANG_WARN_NON_LITERAL_NULL_CONVERSION = YES;
				CLANG_WARN_OBJC_LITERAL_CONVERSION = YES;
				CLANG_WARN_OBJC_ROOT_CLASS = YES_ERROR;
				CLANG_WARN_RANGE_LOOP_ANALYSIS = YES;
				CLANG_WARN_STRICT_PROTOTYPES = YES;
				CLANG_WARN_SUSPICIOUS_MOVE = YES;
				CLANG_WARN_UNGUARDED_AVAILABILITY = YES_AGGRESSIVE;
				CLANG_WARN_UNREACHABLE_CODE = YES;
				CLANG_WARN__DUPLICATE_METHOD_MATCH = YES;
				CODE_SIGN_IDENTITY = "iPhone Developer";
				COPY_PHASE_STRIP = NO;
				DEBUG_INFORMATION_FORMAT = dwarf;
				ENABLE_STRICT_OBJC_MSGSEND = YES;
				ENABLE_TESTABILITY = YES;
				GCC_C_LANGUAGE_STANDARD = gnu11;
				GCC_DYNAMIC_NO_PIC = NO;
				GCC_NO_COMMON_BLOCKS = YES;
				GCC_OPTIMIZATION_LEVEL = 0;
				GCC_PREPROCESSOR_DEFINITIONS = (
					"DEBUG=1",
					"$(inherited)",
				);
				GCC_WARN_64_TO_32_BIT_CONVERSION = YES;
				GCC_WARN_ABOUT_RETURN_TYPE = YES_ERROR;
				GCC_WARN_UNDECLARED_SELECTOR = YES;
				GCC_WARN_UNINITIALIZED_AUTOS = YES_AGGRESSIVE;
				GCC_WARN_UNUSED_FUNCTION = YES;
				GCC_WARN_UNUSED_VARIABLE = YES;
				IPHONEOS_DEPLOYMENT_TARGET = 11.2;
				MTL_ENABLE_DEBUG_INFO = YES;
				ONLY_ACTIVE_ARCH = YES;
				SDKROOT = iphoneos;
				SWIFT_ACTIVE_COMPILATION_CONDITIONS = DEBUG;
				SWIFT_OPTIMIZATION_LEVEL = "-Onone";
			};
			name = Debug;
		};
		2824C488203B852F000B343E /* Release */ = {
			isa = XCBuildConfiguration;
			buildSettings = {
				ALWAYS_SEARCH_USER_PATHS = NO;
				CLANG_ANALYZER_NONNULL = YES;
				CLANG_ANALYZER_NUMBER_OBJECT_CONVERSION = YES_AGGRESSIVE;
				CLANG_CXX_LANGUAGE_STANDARD = "gnu++14";
				CLANG_CXX_LIBRARY = "libc++";
				CLANG_ENABLE_MODULES = YES;
				CLANG_ENABLE_OBJC_ARC = YES;
				CLANG_WARN_BLOCK_CAPTURE_AUTORELEASING = YES;
				CLANG_WARN_BOOL_CONVERSION = YES;
				CLANG_WARN_COMMA = YES;
				CLANG_WARN_CONSTANT_CONVERSION = YES;
				CLANG_WARN_DIRECT_OBJC_ISA_USAGE = YES_ERROR;
				CLANG_WARN_DOCUMENTATION_COMMENTS = YES;
				CLANG_WARN_EMPTY_BODY = YES;
				CLANG_WARN_ENUM_CONVERSION = YES;
				CLANG_WARN_INFINITE_RECURSION = YES;
				CLANG_WARN_INT_CONVERSION = YES;
				CLANG_WARN_NON_LITERAL_NULL_CONVERSION = YES;
				CLANG_WARN_OBJC_LITERAL_CONVERSION = YES;
				CLANG_WARN_OBJC_ROOT_CLASS = YES_ERROR;
				CLANG_WARN_RANGE_LOOP_ANALYSIS = YES;
				CLANG_WARN_STRICT_PROTOTYPES = YES;
				CLANG_WARN_SUSPICIOUS_MOVE = YES;
				CLANG_WARN_UNGUARDED_AVAILABILITY = YES_AGGRESSIVE;
				CLANG_WARN_UNREACHABLE_CODE = YES;
				CLANG_WARN__DUPLICATE_METHOD_MATCH = YES;
				CODE_SIGN_IDENTITY = "iPhone Developer";
				COPY_PHASE_STRIP = NO;
				DEBUG_INFORMATION_FORMAT = "dwarf-with-dsym";
				ENABLE_NS_ASSERTIONS = NO;
				ENABLE_STRICT_OBJC_MSGSEND = YES;
				GCC_C_LANGUAGE_STANDARD = gnu11;
				GCC_NO_COMMON_BLOCKS = YES;
				GCC_WARN_64_TO_32_BIT_CONVERSION = YES;
				GCC_WARN_ABOUT_RETURN_TYPE = YES_ERROR;
				GCC_WARN_UNDECLARED_SELECTOR = YES;
				GCC_WARN_UNINITIALIZED_AUTOS = YES_AGGRESSIVE;
				GCC_WARN_UNUSED_FUNCTION = YES;
				GCC_WARN_UNUSED_VARIABLE = YES;
				IPHONEOS_DEPLOYMENT_TARGET = 11.2;
				MTL_ENABLE_DEBUG_INFO = NO;
				SDKROOT = iphoneos;
				SWIFT_OPTIMIZATION_LEVEL = "-Owholemodule";
				VALIDATE_PRODUCT = YES;
			};
			name = Release;
		};
		2824C48A203B852F000B343E /* Debug */ = {
			isa = XCBuildConfiguration;
			baseConfigurationReference = 911479FED2D4F10E8AE3D5E7 /* Pods-GreenCopperChallenge.debug.xcconfig */;
			buildSettings = {
				ASSETCATALOG_COMPILER_APPICON_NAME = AppIcon;
				CODE_SIGN_ENTITLEMENTS = GreenCopperChallenge/GreenCopperChallenge.entitlements;
				CODE_SIGN_STYLE = Automatic;
				DEVELOPMENT_TEAM = GUCKHMW3L6;
				INFOPLIST_FILE = GreenCopperChallenge/Info.plist;
				IPHONEOS_DEPLOYMENT_TARGET = 11.0;
				LD_RUNPATH_SEARCH_PATHS = "$(inherited) @executable_path/Frameworks";
				PRODUCT_BUNDLE_IDENTIFIER = com.radappz.GreenCopperChallenge;
				PRODUCT_NAME = "$(TARGET_NAME)";
				SWIFT_VERSION = 4.0;
				TARGETED_DEVICE_FAMILY = 1;
			};
			name = Debug;
		};
		2824C48B203B852F000B343E /* Release */ = {
			isa = XCBuildConfiguration;
			baseConfigurationReference = 3D0EC685F390799438BD9907 /* Pods-GreenCopperChallenge.release.xcconfig */;
			buildSettings = {
				ASSETCATALOG_COMPILER_APPICON_NAME = AppIcon;
				CODE_SIGN_ENTITLEMENTS = GreenCopperChallenge/GreenCopperChallenge.entitlements;
				CODE_SIGN_STYLE = Automatic;
				DEVELOPMENT_TEAM = GUCKHMW3L6;
				INFOPLIST_FILE = GreenCopperChallenge/Info.plist;
				IPHONEOS_DEPLOYMENT_TARGET = 11.0;
				LD_RUNPATH_SEARCH_PATHS = "$(inherited) @executable_path/Frameworks";
				PRODUCT_BUNDLE_IDENTIFIER = com.radappz.GreenCopperChallenge;
				PRODUCT_NAME = "$(TARGET_NAME)";
				SWIFT_VERSION = 4.0;
				TARGETED_DEVICE_FAMILY = 1;
			};
			name = Release;
		};
		2824C48D203B852F000B343E /* Debug */ = {
			isa = XCBuildConfiguration;
			buildSettings = {
				ALWAYS_EMBED_SWIFT_STANDARD_LIBRARIES = YES;
				BUNDLE_LOADER = "$(TEST_HOST)";
				CODE_SIGN_STYLE = Automatic;
				DEVELOPMENT_TEAM = GUCKHMW3L6;
				FRAMEWORK_SEARCH_PATHS = "${PODS_ROOT}/Spotify-iOS-SDK/**";
				INFOPLIST_FILE = GreenCopperChallengeTests/Info.plist;
				LD_RUNPATH_SEARCH_PATHS = "$(inherited) @executable_path/Frameworks @loader_path/Frameworks";
				PODS_ROOT = "${SRCROOT}/Pods";
				PRODUCT_BUNDLE_IDENTIFIER = com.radappz.GreenCopperChallengeTests;
				PRODUCT_NAME = "$(TARGET_NAME)";
				SWIFT_VERSION = 4.0;
				TARGETED_DEVICE_FAMILY = "1,2";
				TEST_HOST = "$(BUILT_PRODUCTS_DIR)/GreenCopperChallenge.app/GreenCopperChallenge";
			};
			name = Debug;
		};
		2824C48E203B852F000B343E /* Release */ = {
			isa = XCBuildConfiguration;
			buildSettings = {
				ALWAYS_EMBED_SWIFT_STANDARD_LIBRARIES = YES;
				BUNDLE_LOADER = "$(TEST_HOST)";
				CODE_SIGN_STYLE = Automatic;
				DEVELOPMENT_TEAM = GUCKHMW3L6;
				FRAMEWORK_SEARCH_PATHS = "${PODS_ROOT}/Spotify-iOS-SDK/**";
				INFOPLIST_FILE = GreenCopperChallengeTests/Info.plist;
				LD_RUNPATH_SEARCH_PATHS = "$(inherited) @executable_path/Frameworks @loader_path/Frameworks";
				PODS_ROOT = "${SRCROOT}/Pods";
				PRODUCT_BUNDLE_IDENTIFIER = com.radappz.GreenCopperChallengeTests;
				PRODUCT_NAME = "$(TARGET_NAME)";
				SWIFT_VERSION = 4.0;
				TARGETED_DEVICE_FAMILY = "1,2";
				TEST_HOST = "$(BUILT_PRODUCTS_DIR)/GreenCopperChallenge.app/GreenCopperChallenge";
			};
			name = Release;
		};
/* End XCBuildConfiguration section */

/* Begin XCConfigurationList section */
		2824C467203B852E000B343E /* Build configuration list for PBXProject "GreenCopperChallenge" */ = {
			isa = XCConfigurationList;
			buildConfigurations = (
				2824C487203B852F000B343E /* Debug */,
				2824C488203B852F000B343E /* Release */,
			);
			defaultConfigurationIsVisible = 0;
			defaultConfigurationName = Release;
		};
		2824C489203B852F000B343E /* Build configuration list for PBXNativeTarget "GreenCopperChallenge" */ = {
			isa = XCConfigurationList;
			buildConfigurations = (
				2824C48A203B852F000B343E /* Debug */,
				2824C48B203B852F000B343E /* Release */,
			);
			defaultConfigurationIsVisible = 0;
			defaultConfigurationName = Release;
		};
		2824C48C203B852F000B343E /* Build configuration list for PBXNativeTarget "GreenCopperChallengeTests" */ = {
			isa = XCConfigurationList;
			buildConfigurations = (
				2824C48D203B852F000B343E /* Debug */,
				2824C48E203B852F000B343E /* Release */,
			);
			defaultConfigurationIsVisible = 0;
			defaultConfigurationName = Release;
		};
/* End XCConfigurationList section */
	};
	rootObject = 2824C464203B852E000B343E /* Project object */;
}
